// !$*UTF8*$!
{
	archiveVersion = 1;
	classes = {
	};
	objectVersion = 46;
	objects = {

/* Begin PBXBuildFile section */
		4C27C04369ECB7D82D8FE360 /* DMLoadMoreErrorViewController.m in Sources */ = {isa = PBXBuildFile; fileRef = 4C27CB8B490378F685699D80 /* DMLoadMoreErrorViewController.m */; };
		4C27CBD56D9137D457A1E4A0 /* DMEmptyViewController.m in Sources */ = {isa = PBXBuildFile; fileRef = 4C27C529FC3357F65F6A168D /* DMEmptyViewController.m */; };
		4C27CF3EEAB38D883A9231A2 /* DMNoPullToRefreshViewController.m in Sources */ = {isa = PBXBuildFile; fileRef = 4C27C6710410532FC317C16D /* DMNoPullToRefreshViewController.m */; };
		57E5EB81181CC67A00BCA7BC /* SKStatefulTableViewController.m in Sources */ = {isa = PBXBuildFile; fileRef = 57E5EB80181CC67A00BCA7BC /* SKStatefulTableViewController.m */; };
		57E5EB84181CD24D00BCA7BC /* DMBasicViewController.m in Sources */ = {isa = PBXBuildFile; fileRef = 57E5EB83181CD24D00BCA7BC /* DMBasicViewController.m */; };
		57E5EB86181D3D6900BCA7BC /* CFNetwork.framework in Frameworks */ = {isa = PBXBuildFile; fileRef = 57E5EB85181D3D6900BCA7BC /* CFNetwork.framework */; };
		57E5EB88181D3D6F00BCA7BC /* QuartzCore.framework in Frameworks */ = {isa = PBXBuildFile; fileRef = 57E5EB87181D3D6F00BCA7BC /* QuartzCore.framework */; };
		57E5EB9C181E7EAC00BCA7BC /* DMLoadErrorViewController.m in Sources */ = {isa = PBXBuildFile; fileRef = 57E5EB9B181E7EAC00BCA7BC /* DMLoadErrorViewController.m */; };
		57F8834C181CA94400505E94 /* Foundation.framework in Frameworks */ = {isa = PBXBuildFile; fileRef = 57F8834B181CA94400505E94 /* Foundation.framework */; };
		57F8834E181CA94400505E94 /* CoreGraphics.framework in Frameworks */ = {isa = PBXBuildFile; fileRef = 57F8834D181CA94400505E94 /* CoreGraphics.framework */; };
		57F88350181CA94400505E94 /* UIKit.framework in Frameworks */ = {isa = PBXBuildFile; fileRef = 57F8834F181CA94400505E94 /* UIKit.framework */; };
		57F88356181CA94400505E94 /* InfoPlist.strings in Resources */ = {isa = PBXBuildFile; fileRef = 57F88354181CA94400505E94 /* InfoPlist.strings */; };
		57F88358181CA94400505E94 /* main.m in Sources */ = {isa = PBXBuildFile; fileRef = 57F88357181CA94400505E94 /* main.m */; };
		57F8835C181CA94400505E94 /* DMAppDelegate.m in Sources */ = {isa = PBXBuildFile; fileRef = 57F8835B181CA94400505E94 /* DMAppDelegate.m */; };
		57F88362181CA94400505E94 /* DMMasterViewController.m in Sources */ = {isa = PBXBuildFile; fileRef = 57F88361181CA94400505E94 /* DMMasterViewController.m */; };
		57F88367181CA94400505E94 /* Images.xcassets in Resources */ = {isa = PBXBuildFile; fileRef = 57F88366181CA94400505E94 /* Images.xcassets */; };
/* End PBXBuildFile section */

/* Begin PBXFileReference section */
		4C27C119ECCCF2A90EB9B3D3 /* DMEmptyViewController.h */ = {isa = PBXFileReference; fileEncoding = 4; lastKnownFileType = sourcecode.c.h; path = DMEmptyViewController.h; sourceTree = "<group>"; };
		4C27C529FC3357F65F6A168D /* DMEmptyViewController.m */ = {isa = PBXFileReference; fileEncoding = 4; lastKnownFileType = sourcecode.c.objc; path = DMEmptyViewController.m; sourceTree = "<group>"; };
		4C27C6710410532FC317C16D /* DMNoPullToRefreshViewController.m */ = {isa = PBXFileReference; fileEncoding = 4; lastKnownFileType = sourcecode.c.objc; path = DMNoPullToRefreshViewController.m; sourceTree = "<group>"; };
		4C27C7C7545E499417641FE6 /* DMLoadMoreErrorViewController.h */ = {isa = PBXFileReference; fileEncoding = 4; lastKnownFileType = sourcecode.c.h; path = DMLoadMoreErrorViewController.h; sourceTree = "<group>"; };
		4C27CAAFC526773B43E5213E /* DMNoPullToRefreshViewController.h */ = {isa = PBXFileReference; fileEncoding = 4; lastKnownFileType = sourcecode.c.h; path = DMNoPullToRefreshViewController.h; sourceTree = "<group>"; };
		4C27CB8B490378F685699D80 /* DMLoadMoreErrorViewController.m */ = {isa = PBXFileReference; fileEncoding = 4; lastKnownFileType = sourcecode.c.objc; path = DMLoadMoreErrorViewController.m; sourceTree = "<group>"; };
		57E5EB7F181CC67A00BCA7BC /* SKStatefulTableViewController.h */ = {isa = PBXFileReference; fileEncoding = 4; lastKnownFileType = sourcecode.c.h; path = SKStatefulTableViewController.h; sourceTree = "<group>"; };
		57E5EB80181CC67A00BCA7BC /* SKStatefulTableViewController.m */ = {isa = PBXFileReference; fileEncoding = 4; lastKnownFileType = sourcecode.c.objc; path = SKStatefulTableViewController.m; sourceTree = "<group>"; };
		57E5EB82181CD24D00BCA7BC /* DMBasicViewController.h */ = {isa = PBXFileReference; fileEncoding = 4; lastKnownFileType = sourcecode.c.h; path = DMBasicViewController.h; sourceTree = "<group>"; };
		57E5EB83181CD24D00BCA7BC /* DMBasicViewController.m */ = {isa = PBXFileReference; fileEncoding = 4; lastKnownFileType = sourcecode.c.objc; path = DMBasicViewController.m; sourceTree = "<group>"; };
		57E5EB85181D3D6900BCA7BC /* CFNetwork.framework */ = {isa = PBXFileReference; lastKnownFileType = wrapper.framework; name = CFNetwork.framework; path = System/Library/Frameworks/CFNetwork.framework; sourceTree = SDKROOT; };
		57E5EB87181D3D6F00BCA7BC /* QuartzCore.framework */ = {isa = PBXFileReference; lastKnownFileType = wrapper.framework; name = QuartzCore.framework; path = System/Library/Frameworks/QuartzCore.framework; sourceTree = SDKROOT; };
		57E5EB9A181E7EAC00BCA7BC /* DMLoadErrorViewController.h */ = {isa = PBXFileReference; fileEncoding = 4; lastKnownFileType = sourcecode.c.h; path = DMLoadErrorViewController.h; sourceTree = "<group>"; };
		57E5EB9B181E7EAC00BCA7BC /* DMLoadErrorViewController.m */ = {isa = PBXFileReference; fileEncoding = 4; lastKnownFileType = sourcecode.c.objc; path = DMLoadErrorViewController.m; sourceTree = "<group>"; };
		57F88348181CA94400505E94 /* SKTVC Demo.app */ = {isa = PBXFileReference; explicitFileType = wrapper.application; includeInIndex = 0; path = "SKTVC Demo.app"; sourceTree = BUILT_PRODUCTS_DIR; };
		57F8834B181CA94400505E94 /* Foundation.framework */ = {isa = PBXFileReference; lastKnownFileType = wrapper.framework; name = Foundation.framework; path = System/Library/Frameworks/Foundation.framework; sourceTree = SDKROOT; };
		57F8834D181CA94400505E94 /* CoreGraphics.framework */ = {isa = PBXFileReference; lastKnownFileType = wrapper.framework; name = CoreGraphics.framework; path = System/Library/Frameworks/CoreGraphics.framework; sourceTree = SDKROOT; };
		57F8834F181CA94400505E94 /* UIKit.framework */ = {isa = PBXFileReference; lastKnownFileType = wrapper.framework; name = UIKit.framework; path = System/Library/Frameworks/UIKit.framework; sourceTree = SDKROOT; };
		57F88353181CA94400505E94 /* Demo-Info.plist */ = {isa = PBXFileReference; lastKnownFileType = text.plist.xml; path = "Demo-Info.plist"; sourceTree = "<group>"; };
		57F88355181CA94400505E94 /* en */ = {isa = PBXFileReference; lastKnownFileType = text.plist.strings; name = en; path = en.lproj/InfoPlist.strings; sourceTree = "<group>"; };
		57F88357181CA94400505E94 /* main.m */ = {isa = PBXFileReference; lastKnownFileType = sourcecode.c.objc; path = main.m; sourceTree = "<group>"; };
		57F88359181CA94400505E94 /* Demo-Prefix.pch */ = {isa = PBXFileReference; lastKnownFileType = sourcecode.c.h; path = "Demo-Prefix.pch"; sourceTree = "<group>"; };
		57F8835A181CA94400505E94 /* DMAppDelegate.h */ = {isa = PBXFileReference; lastKnownFileType = sourcecode.c.h; path = DMAppDelegate.h; sourceTree = "<group>"; };
		57F8835B181CA94400505E94 /* DMAppDelegate.m */ = {isa = PBXFileReference; lastKnownFileType = sourcecode.c.objc; path = DMAppDelegate.m; sourceTree = "<group>"; };
		57F88360181CA94400505E94 /* DMMasterViewController.h */ = {isa = PBXFileReference; lastKnownFileType = sourcecode.c.h; path = DMMasterViewController.h; sourceTree = "<group>"; };
		57F88361181CA94400505E94 /* DMMasterViewController.m */ = {isa = PBXFileReference; lastKnownFileType = sourcecode.c.objc; path = DMMasterViewController.m; sourceTree = "<group>"; };
		57F88366181CA94400505E94 /* Images.xcassets */ = {isa = PBXFileReference; lastKnownFileType = folder.assetcatalog; path = Images.xcassets; sourceTree = "<group>"; };
		57F8836D181CA94400505E94 /* XCTest.framework */ = {isa = PBXFileReference; lastKnownFileType = wrapper.framework; name = XCTest.framework; path = Library/Frameworks/XCTest.framework; sourceTree = DEVELOPER_DIR; };
/* End PBXFileReference section */

/* Begin PBXFrameworksBuildPhase section */
		57F88345181CA94400505E94 /* Frameworks */ = {
			isa = PBXFrameworksBuildPhase;
			buildActionMask = 2147483647;
			files = (
				57E5EB88181D3D6F00BCA7BC /* QuartzCore.framework in Frameworks */,
				57E5EB86181D3D6900BCA7BC /* CFNetwork.framework in Frameworks */,
				57F8834E181CA94400505E94 /* CoreGraphics.framework in Frameworks */,
				57F88350181CA94400505E94 /* UIKit.framework in Frameworks */,
				57F8834C181CA94400505E94 /* Foundation.framework in Frameworks */,
			);
			runOnlyForDeploymentPostprocessing = 0;
		};
/* End PBXFrameworksBuildPhase section */

/* Begin PBXGroup section */
		57E5EB7E181CC67A00BCA7BC /* SKStatefulTableViewController */ = {
			isa = PBXGroup;
			children = (
				57E5EB7F181CC67A00BCA7BC /* SKStatefulTableViewController.h */,
				57E5EB80181CC67A00BCA7BC /* SKStatefulTableViewController.m */,
			);
			name = SKStatefulTableViewController;
			path = ../SKStatefulTableViewController;
			sourceTree = "<group>";
		};
		57F8833F181CA94400505E94 = {
			isa = PBXGroup;
			children = (
				57E5EB7E181CC67A00BCA7BC /* SKStatefulTableViewController */,
				57F88351181CA94400505E94 /* Demo */,
				57F8834A181CA94400505E94 /* Frameworks */,
				57F88349181CA94400505E94 /* Products */,
			);
			sourceTree = "<group>";
		};
		57F88349181CA94400505E94 /* Products */ = {
			isa = PBXGroup;
			children = (
				57F88348181CA94400505E94 /* SKTVC Demo.app */,
			);
			name = Products;
			sourceTree = "<group>";
		};
		57F8834A181CA94400505E94 /* Frameworks */ = {
			isa = PBXGroup;
			children = (
				57E5EB87181D3D6F00BCA7BC /* QuartzCore.framework */,
				57E5EB85181D3D6900BCA7BC /* CFNetwork.framework */,
				57F8834B181CA94400505E94 /* Foundation.framework */,
				57F8834D181CA94400505E94 /* CoreGraphics.framework */,
				57F8834F181CA94400505E94 /* UIKit.framework */,
				57F8836D181CA94400505E94 /* XCTest.framework */,
			);
			name = Frameworks;
			sourceTree = "<group>";
		};
		57F88351181CA94400505E94 /* Demo */ = {
			isa = PBXGroup;
			children = (
				57F88366181CA94400505E94 /* Images.xcassets */,
				57F8835A181CA94400505E94 /* DMAppDelegate.h */,
				57F8835B181CA94400505E94 /* DMAppDelegate.m */,
				57E5EB82181CD24D00BCA7BC /* DMBasicViewController.h */,
				57E5EB83181CD24D00BCA7BC /* DMBasicViewController.m */,
				57F88360181CA94400505E94 /* DMMasterViewController.h */,
				57F88361181CA94400505E94 /* DMMasterViewController.m */,
				57F88352181CA94400505E94 /* Supporting Files */,
				57E5EB9A181E7EAC00BCA7BC /* DMLoadErrorViewController.h */,
				57E5EB9B181E7EAC00BCA7BC /* DMLoadErrorViewController.m */,
				4C27C529FC3357F65F6A168D /* DMEmptyViewController.m */,
				4C27C119ECCCF2A90EB9B3D3 /* DMEmptyViewController.h */,
				4C27CB8B490378F685699D80 /* DMLoadMoreErrorViewController.m */,
				4C27C7C7545E499417641FE6 /* DMLoadMoreErrorViewController.h */,
				4C27C6710410532FC317C16D /* DMNoPullToRefreshViewController.m */,
				4C27CAAFC526773B43E5213E /* DMNoPullToRefreshViewController.h */,
			);
			path = Demo;
			sourceTree = "<group>";
		};
		57F88352181CA94400505E94 /* Supporting Files */ = {
			isa = PBXGroup;
			children = (
				57F88353181CA94400505E94 /* Demo-Info.plist */,
				57F88354181CA94400505E94 /* InfoPlist.strings */,
				57F88357181CA94400505E94 /* main.m */,
				57F88359181CA94400505E94 /* Demo-Prefix.pch */,
			);
			name = "Supporting Files";
			sourceTree = "<group>";
		};
/* End PBXGroup section */

/* Begin PBXNativeTarget section */
		57F88347181CA94400505E94 /* SKTVC Demo */ = {
			isa = PBXNativeTarget;
			buildConfigurationList = 57F8837D181CA94400505E94 /* Build configuration list for PBXNativeTarget "SKTVC Demo" */;
			buildPhases = (
				57F88344181CA94400505E94 /* Sources */,
				57F88345181CA94400505E94 /* Frameworks */,
				57F88346181CA94400505E94 /* Resources */,
			);
			buildRules = (
			);
			dependencies = (
			);
			name = "SKTVC Demo";
			productName = SKStatefulTableViewControllerDemo;
			productReference = 57F88348181CA94400505E94 /* SKTVC Demo.app */;
			productType = "com.apple.product-type.application";
		};
/* End PBXNativeTarget section */

/* Begin PBXProject section */
		57F88340181CA94400505E94 /* Project object */ = {
			isa = PBXProject;
			attributes = {
				CLASSPREFIX = DM;
				LastUpgradeCheck = 0630;
				ORGANIZATIONNAME = Shiki;
			};
			buildConfigurationList = 57F88343181CA94400505E94 /* Build configuration list for PBXProject "Demo" */;
			compatibilityVersion = "Xcode 3.2";
			developmentRegion = English;
			hasScannedForEncodings = 0;
			knownRegions = (
				en,
				Base,
			);
			mainGroup = 57F8833F181CA94400505E94;
			productRefGroup = 57F88349181CA94400505E94 /* Products */;
			projectDirPath = "";
			projectRoot = "";
			targets = (
				57F88347181CA94400505E94 /* SKTVC Demo */,
			);
		};
/* End PBXProject section */

/* Begin PBXResourcesBuildPhase section */
		57F88346181CA94400505E94 /* Resources */ = {
			isa = PBXResourcesBuildPhase;
			buildActionMask = 2147483647;
			files = (
				57F88367181CA94400505E94 /* Images.xcassets in Resources */,
				57F88356181CA94400505E94 /* InfoPlist.strings in Resources */,
			);
			runOnlyForDeploymentPostprocessing = 0;
		};
/* End PBXResourcesBuildPhase section */

/* Begin PBXSourcesBuildPhase section */
		57F88344181CA94400505E94 /* Sources */ = {
			isa = PBXSourcesBuildPhase;
			buildActionMask = 2147483647;
			files = (
				57E5EB81181CC67A00BCA7BC /* SKStatefulTableViewController.m in Sources */,
				57F8835C181CA94400505E94 /* DMAppDelegate.m in Sources */,
				57F88362181CA94400505E94 /* DMMasterViewController.m in Sources */,
				57F88358181CA94400505E94 /* main.m in Sources */,
				57E5EB9C181E7EAC00BCA7BC /* DMLoadErrorViewController.m in Sources */,
				57E5EB84181CD24D00BCA7BC /* DMBasicViewController.m in Sources */,
				4C27CBD56D9137D457A1E4A0 /* DMEmptyViewController.m in Sources */,
				4C27C04369ECB7D82D8FE360 /* DMLoadMoreErrorViewController.m in Sources */,
				4C27CF3EEAB38D883A9231A2 /* DMNoPullToRefreshViewController.m in Sources */,
			);
			runOnlyForDeploymentPostprocessing = 0;
		};
/* End PBXSourcesBuildPhase section */

/* Begin PBXVariantGroup section */
		57F88354181CA94400505E94 /* InfoPlist.strings */ = {
			isa = PBXVariantGroup;
			children = (
				57F88355181CA94400505E94 /* en */,
			);
			name = InfoPlist.strings;
			sourceTree = "<group>";
		};
/* End PBXVariantGroup section */

/* Begin XCBuildConfiguration section */
		57F8837B181CA94400505E94 /* Debug */ = {
			isa = XCBuildConfiguration;
			buildSettings = {
				ALWAYS_SEARCH_USER_PATHS = NO;
				CLANG_CXX_LANGUAGE_STANDARD = "gnu++0x";
				CLANG_CXX_LIBRARY = "libc++";
				CLANG_ENABLE_MODULES = YES;
				CLANG_ENABLE_OBJC_ARC = YES;
				CLANG_WARN_BOOL_CONVERSION = YES;
				CLANG_WARN_CONSTANT_CONVERSION = YES;
				CLANG_WARN_DIRECT_OBJC_ISA_USAGE = YES_ERROR;
				CLANG_WARN_EMPTY_BODY = YES;
				CLANG_WARN_ENUM_CONVERSION = YES;
				CLANG_WARN_INT_CONVERSION = YES;
				CLANG_WARN_OBJC_ROOT_CLASS = YES_ERROR;
				CLANG_WARN__DUPLICATE_METHOD_MATCH = YES;
				"CODE_SIGN_IDENTITY[sdk=iphoneos*]" = "iPhone Developer";
				COPY_PHASE_STRIP = NO;
				GCC_C_LANGUAGE_STANDARD = gnu99;
				GCC_DYNAMIC_NO_PIC = NO;
				GCC_OPTIMIZATION_LEVEL = 0;
				GCC_PREPROCESSOR_DEFINITIONS = (
					"DEBUG=1",
					"$(inherited)",
				);
				GCC_SYMBOLS_PRIVATE_EXTERN = NO;
				GCC_WARN_64_TO_32_BIT_CONVERSION = YES;
				GCC_WARN_ABOUT_RETURN_TYPE = YES_ERROR;
				GCC_WARN_UNDECLARED_SELECTOR = YES;
				GCC_WARN_UNINITIALIZED_AUTOS = YES;
				GCC_WARN_UNUSED_FUNCTION = YES;
				GCC_WARN_UNUSED_VARIABLE = YES;
				IPHONEOS_DEPLOYMENT_TARGET = 7.0;
				ONLY_ACTIVE_ARCH = YES;
				OTHER_LDFLAGS = "-ObjC";
				PRODUCT_NAME = "SKTVC Demo";
				SDKROOT = iphoneos;
			};
			name = Debug;
		};
		57F8837C181CA94400505E94 /* Release */ = {
			isa = XCBuildConfiguration;
			buildSettings = {
				ALWAYS_SEARCH_USER_PATHS = NO;
				CLANG_CXX_LANGUAGE_STANDARD = "gnu++0x";
				CLANG_CXX_LIBRARY = "libc++";
				CLANG_ENABLE_MODULES = YES;
				CLANG_ENABLE_OBJC_ARC = YES;
				CLANG_WARN_BOOL_CONVERSION = YES;
				CLANG_WARN_CONSTANT_CONVERSION = YES;
				CLANG_WARN_DIRECT_OBJC_ISA_USAGE = YES_ERROR;
				CLANG_WARN_EMPTY_BODY = YES;
				CLANG_WARN_ENUM_CONVERSION = YES;
				CLANG_WARN_INT_CONVERSION = YES;
				CLANG_WARN_OBJC_ROOT_CLASS = YES_ERROR;
				CLANG_WARN__DUPLICATE_METHOD_MATCH = YES;
				"CODE_SIGN_IDENTITY[sdk=iphoneos*]" = "iPhone Developer";
				COPY_PHASE_STRIP = YES;
				ENABLE_NS_ASSERTIONS = NO;
				GCC_C_LANGUAGE_STANDARD = gnu99;
				GCC_WARN_64_TO_32_BIT_CONVERSION = YES;
				GCC_WARN_ABOUT_RETURN_TYPE = YES_ERROR;
				GCC_WARN_UNDECLARED_SELECTOR = YES;
				GCC_WARN_UNINITIALIZED_AUTOS = YES;
				GCC_WARN_UNUSED_FUNCTION = YES;
				GCC_WARN_UNUSED_VARIABLE = YES;
				IPHONEOS_DEPLOYMENT_TARGET = 7.0;
				OTHER_LDFLAGS = "-ObjC";
				PRODUCT_NAME = "SKTVC Demo";
				SDKROOT = iphoneos;
				VALIDATE_PRODUCT = YES;
			};
			name = Release;
		};
		57F8837E181CA94400505E94 /* Debug */ = {
			isa = XCBuildConfiguration;
			buildSettings = {
				ASSETCATALOG_COMPILER_APPICON_NAME = AppIcon;
				ASSETCATALOG_COMPILER_LAUNCHIMAGE_NAME = LaunchImage;
				FRAMEWORK_SEARCH_PATHS = (
					"$(inherited)",
					"$(SYSTEM_APPS_DIR)/Reveal.app/Contents/SharedSupport/iOS-Libraries",
				);
				GCC_PRECOMPILE_PREFIX_HEADER = YES;
				GCC_PREFIX_HEADER = "Demo/Demo-Prefix.pch";
				INFOPLIST_FILE = "Demo/Demo-Info.plist";
				WRAPPER_EXTENSION = app;
			};
			name = Debug;
		};
		57F8837F181CA94400505E94 /* Release */ = {
			isa = XCBuildConfiguration;
			buildSettings = {
				ASSETCATALOG_COMPILER_APPICON_NAME = AppIcon;
				ASSETCATALOG_COMPILER_LAUNCHIMAGE_NAME = LaunchImage;
				FRAMEWORK_SEARCH_PATHS = (
					"$(inherited)",
					"$(SYSTEM_APPS_DIR)/Reveal.app/Contents/SharedSupport/iOS-Libraries",
				);
				GCC_PRECOMPILE_PREFIX_HEADER = YES;
				GCC_PREFIX_HEADER = "Demo/Demo-Prefix.pch";
				INFOPLIST_FILE = "Demo/Demo-Info.plist";
				WRAPPER_EXTENSION = app;
			};
			name = Release;
		};
/* End XCBuildConfiguration section */

/* Begin XCConfigurationList section */
		57F88343181CA94400505E94 /* Build configuration list for PBXProject "Demo" */ = {
			isa = XCConfigurationList;
			buildConfigurations = (
				57F8837B181CA94400505E94 /* Debug */,
				57F8837C181CA94400505E94 /* Release */,
			);
			defaultConfigurationIsVisible = 0;
			defaultConfigurationName = Release;
		};
		57F8837D181CA94400505E94 /* Build configuration list for PBXNativeTarget "SKTVC Demo" */ = {
			isa = XCConfigurationList;
			buildConfigurations = (
				57F8837E181CA94400505E94 /* Debug */,
				57F8837F181CA94400505E94 /* Release */,
			);
			defaultConfigurationIsVisible = 0;
			defaultConfigurationName = Release;
		};
/* End XCConfigurationList section */
	};
	rootObject = 57F88340181CA94400505E94 /* Project object */;
}
